# @generated by Move, please check-in and do not edit manually.

[move]
version = 3
manifest_digest = "A699B8A087BCC58C6ED84E56E0FF96F96E34AFBE7EBE4ABF7FA5F1BA5ABC3060"
deps_digest = "F8BBB0CCB2491CA29A3DF03D6F92277A4F3574266507ACD77214D37ECA3F3082"
dependencies = [
  { id = "Sui", name = "Sui" },
]

[[move.package]]
id = "MoveStdlib"
source = { git = "https://github.com/MystenLabs/sui.git", rev = "framework/testnet", subdir = "crates\\sui-framework\\packages\\move-stdlib" }

[[move.package]]
id = "Sui"
source = { git = "https://github.com/MystenLabs/sui.git", rev = "framework/testnet", subdir = "crates/sui-framework/packages/sui-framework" }

dependencies = [
  { id = "MoveStdlib", name = "MoveStdlib" },
]

[move.toolchain-version]
compiler-version = "1.53.1"
edition = "2024.beta"
flavor = "sui"

[env]

[env.testnet]
chain-id = "4c78adac"
original-published-id = "0x79e411e22b615490b1fd55b188c7730fcdd06a30c0b77f7c2bfa5433325e7826"
latest-published-id = "0x79e411e22b615490b1fd55b188c7730fcdd06a30c0b77f7c2bfa5433325e7826"
published-version = "1"
